
Microsoft Visual Studio Solution File, Format Version 12.00
# Visual Studio 14
VisualStudioVersion = 14.0.25420.1
MinimumVisualStudioVersion = 10.0.40219.1
Project("{FAE04EC0-301F-11D3-BF4B-00C04F79EFBC}") = "Anberkada.AirComp.Biz", "Anberkada.AirComp.Biz\Anberkada.AirComp.Biz.csproj", "{BA0C477A-961E-4371-A0E8-DC83BEAD4C4E}"
	ProjectSection(ProjectDependencies) = postProject
		{85965F19-B8D3-49C6-8B53-67067CF6CD78} = {85965F19-B8D3-49C6-8B53-67067CF6CD78}
	EndProjectSection
EndProject
Project("{FAE04EC0-301F-11D3-BF4B-00C04F79EFBC}") = "Anberkada.AirComp.Biz.Tests", "Anberkada.AirComp.Biz.Tests\Anberkada.AirComp.Biz.Tests.csproj", "{D4C1ACAF-19A6-4CA5-9B88-E41FB517F3AA}"
EndProject
Project("{FAE04EC0-301F-11D3-BF4B-00C04F79EFBC}") = "Anberkada.AirComp", "Anberkada.AirComp\Anberkada.AirComp.csproj", "{7187A866-3CEB-40B9-9F74-FE0C3110EEF4}"
	ProjectSection(ProjectDependencies) = postProject
		{BA0C477A-961E-4371-A0E8-DC83BEAD4C4E} = {BA0C477A-961E-4371-A0E8-DC83BEAD4C4E}
		{009CDE7C-5B3D-4E05-95E1-9DA2A5848A97} = {009CDE7C-5B3D-4E05-95E1-9DA2A5848A97}
		{71A29FA3-3EDC-4E0E-BA48-B39CAF0C238E} = {71A29FA3-3EDC-4E0E-BA48-B39CAF0C238E}
	EndProjectSection
EndProject
Project("{2150E333-8FDC-42A3-9474-1A3956D46DE8}") = "App", "App", "{AB1A97CB-7CBE-4475-9EA5-CA037BF1663F}"
EndProject
Project("{2150E333-8FDC-42A3-9474-1A3956D46DE8}") = "Ui", "Ui", "{CF41A3DF-957E-40D6-B2CB-60594B7C0CCA}"
EndProject
Project("{2150E333-8FDC-42A3-9474-1A3956D46DE8}") = "Biz", "Biz", "{46478DF5-8263-4FD0-907E-97CE354ED479}"
EndProject
Project("{FAE04EC0-301F-11D3-BF4B-00C04F79EFBC}") = "Anberkada.Comp.MidiAdapter", "Anberkada.Comp.MidiAdapter\Anberkada.Comp.MidiAdapter.csproj", "{009CDE7C-5B3D-4E05-95E1-9DA2A5848A97}"
EndProject
Project("{FAE04EC0-301F-11D3-BF4B-00C04F79EFBC}") = "Anberkada.AirComp.Ui", "Anberkada.AirComp.Ui\Anberkada.AirComp.Ui.csproj", "{71A29FA3-3EDC-4E0E-BA48-B39CAF0C238E}"
	ProjectSection(ProjectDependencies) = postProject
		{85965F19-B8D3-49C6-8B53-67067CF6CD78} = {85965F19-B8D3-49C6-8B53-67067CF6CD78}
		{BA0C477A-961E-4371-A0E8-DC83BEAD4C4E} = {BA0C477A-961E-4371-A0E8-DC83BEAD4C4E}
	EndProjectSection
EndProject
Project("{2150E333-8FDC-42A3-9474-1A3956D46DE8}") = "OOD", "OOD", "{7B8A2912-4B8F-48DA-AA91-E1843D0657F2}"
EndProject
Project("{F088123C-0E9E-452A-89E6-6BA2F21D5CAC}") = "Anberkada.Design", "Anberkada.Design\Anberkada.Design.modelproj", "{48EA0E6E-B51B-4962-B261-8BD887E09D75}"
EndProject
Project("{FAE04EC0-301F-11D3-BF4B-00C04F79EFBC}") = "Anberkada.MusicBase.Biz", "Anberkada.MusicBase.Biz\Anberkada.MusicBase.Biz.csproj", "{85965F19-B8D3-49C6-8B53-67067CF6CD78}"
EndProject
Project("{FAE04EC0-301F-11D3-BF4B-00C04F79EFBC}") = "Anberkada.MusicBase.Biz.Tests", "Anberkada.MusicBase.Biz.Tests\Anberkada.MusicBase.Biz.Tests.csproj", "{388189A0-A5AF-45BF-8B9C-D9C1A8B68E9E}"
	ProjectSection(ProjectDependencies) = postProject
		{85965F19-B8D3-49C6-8B53-67067CF6CD78} = {85965F19-B8D3-49C6-8B53-67067CF6CD78}
	EndProjectSection
EndProject
Global
	GlobalSection(SolutionConfigurationPlatforms) = preSolution
		Debug|Any CPU = Debug|Any CPU
		Release|Any CPU = Release|Any CPU
	EndGlobalSection
	GlobalSection(ProjectConfigurationPlatforms) = postSolution
		{BA0C477A-961E-4371-A0E8-DC83BEAD4C4E}.Debug|Any CPU.ActiveCfg = Debug|Any CPU
		{BA0C477A-961E-4371-A0E8-DC83BEAD4C4E}.Debug|Any CPU.Build.0 = Debug|Any CPU
		{BA0C477A-961E-4371-A0E8-DC83BEAD4C4E}.Release|Any CPU.ActiveCfg = Release|Any CPU
		{BA0C477A-961E-4371-A0E8-DC83BEAD4C4E}.Release|Any CPU.Build.0 = Release|Any CPU
		{D4C1ACAF-19A6-4CA5-9B88-E41FB517F3AA}.Debug|Any CPU.ActiveCfg = Debug|Any CPU
		{D4C1ACAF-19A6-4CA5-9B88-E41FB517F3AA}.Debug|Any CPU.Build.0 = Debug|Any CPU
		{D4C1ACAF-19A6-4CA5-9B88-E41FB517F3AA}.Release|Any CPU.ActiveCfg = Release|Any CPU
		{D4C1ACAF-19A6-4CA5-9B88-E41FB517F3AA}.Release|Any CPU.Build.0 = Release|Any CPU
		{7187A866-3CEB-40B9-9F74-FE0C3110EEF4}.Debug|Any CPU.ActiveCfg = Debug|Any CPU
		{7187A866-3CEB-40B9-9F74-FE0C3110EEF4}.Debug|Any CPU.Build.0 = Debug|Any CPU
		{7187A866-3CEB-40B9-9F74-FE0C3110EEF4}.Release|Any CPU.ActiveCfg = Release|Any CPU
		{7187A866-3CEB-40B9-9F74-FE0C3110EEF4}.Release|Any CPU.Build.0 = Release|Any CPU
		{009CDE7C-5B3D-4E05-95E1-9DA2A5848A97}.Debug|Any CPU.ActiveCfg = Debug|Any CPU
		{009CDE7C-5B3D-4E05-95E1-9DA2A5848A97}.Debug|Any CPU.Build.0 = Debug|Any CPU
		{009CDE7C-5B3D-4E05-95E1-9DA2A5848A97}.Release|Any CPU.ActiveCfg = Release|Any CPU
		{009CDE7C-5B3D-4E05-95E1-9DA2A5848A97}.Release|Any CPU.Build.0 = Release|Any CPU
		{71A29FA3-3EDC-4E0E-BA48-B39CAF0C238E}.Debug|Any CPU.ActiveCfg = Debug|Any CPU
		{71A29FA3-3EDC-4E0E-BA48-B39CAF0C238E}.Debug|Any CPU.Build.0 = Debug|Any CPU
		{71A29FA3-3EDC-4E0E-BA48-B39CAF0C238E}.Release|Any CPU.ActiveCfg = Release|Any CPU
		{71A29FA3-3EDC-4E0E-BA48-B39CAF0C238E}.Release|Any CPU.Build.0 = Release|Any CPU
		{48EA0E6E-B51B-4962-B261-8BD887E09D75}.Debug|Any CPU.ActiveCfg = Debug|Any CPU
		{48EA0E6E-B51B-4962-B261-8BD887E09D75}.Debug|Any CPU.Build.0 = Debug|Any CPU
		{48EA0E6E-B51B-4962-B261-8BD887E09D75}.Release|Any CPU.ActiveCfg = Release|Any CPU
		{48EA0E6E-B51B-4962-B261-8BD887E09D75}.Release|Any CPU.Build.0 = Release|Any CPU
		{85965F19-B8D3-49C6-8B53-67067CF6CD78}.Debug|Any CPU.ActiveCfg = Debug|Any CPU
		{85965F19-B8D3-49C6-8B53-67067CF6CD78}.Debug|Any CPU.Build.0 = Debug|Any CPU
		{85965F19-B8D3-49C6-8B53-67067CF6CD78}.Release|Any CPU.ActiveCfg = Release|Any CPU
		{85965F19-B8D3-49C6-8B53-67067CF6CD78}.Release|Any CPU.Build.0 = Release|Any CPU
		{388189A0-A5AF-45BF-8B9C-D9C1A8B68E9E}.Debug|Any CPU.ActiveCfg = Debug|Any CPU
		{388189A0-A5AF-45BF-8B9C-D9C1A8B68E9E}.Debug|Any CPU.Build.0 = Debug|Any CPU
		{388189A0-A5AF-45BF-8B9C-D9C1A8B68E9E}.Release|Any CPU.ActiveCfg = Release|Any CPU
		{388189A0-A5AF-45BF-8B9C-D9C1A8B68E9E}.Release|Any CPU.Build.0 = Release|Any CPU
	EndGlobalSection
	GlobalSection(SolutionProperties) = preSolution
		HideSolutionNode = FALSE
	EndGlobalSection
	GlobalSection(NestedProjects) = preSolution
		{BA0C477A-961E-4371-A0E8-DC83BEAD4C4E} = {46478DF5-8263-4FD0-907E-97CE354ED479}
		{D4C1ACAF-19A6-4CA5-9B88-E41FB517F3AA} = {46478DF5-8263-4FD0-907E-97CE354ED479}
		{7187A866-3CEB-40B9-9F74-FE0C3110EEF4} = {AB1A97CB-7CBE-4475-9EA5-CA037BF1663F}
		{009CDE7C-5B3D-4E05-95E1-9DA2A5848A97} = {46478DF5-8263-4FD0-907E-97CE354ED479}
		{71A29FA3-3EDC-4E0E-BA48-B39CAF0C238E} = {CF41A3DF-957E-40D6-B2CB-60594B7C0CCA}
		{48EA0E6E-B51B-4962-B261-8BD887E09D75} = {7B8A2912-4B8F-48DA-AA91-E1843D0657F2}
		{85965F19-B8D3-49C6-8B53-67067CF6CD78} = {46478DF5-8263-4FD0-907E-97CE354ED479}
		{388189A0-A5AF-45BF-8B9C-D9C1A8B68E9E} = {46478DF5-8263-4FD0-907E-97CE354ED479}
	EndGlobalSection
EndGlobal
